
Microsoft Visual Studio Solution File, Format Version 12.00
# Visual Studio Version 16
VisualStudioVersion = 16.0.31624.102
MinimumVisualStudioVersion = 10.0.40219.1
Project("{9A19103F-16F7-4668-BE54-9A1E7A4F7556}") = "WebClientBlazor", "WebClientBlazor.csproj", "{60972B95-03BD-4142-BB0C-F8F9B30A9919}"
EndProject
Global
	GlobalSection(SolutionConfigurationPlatforms) = preSolution
		Debug|Any CPU = Debug|Any CPU
		Release|Any CPU = Release|Any CPU
	EndGlobalSection
	GlobalSection(ProjectConfigurationPlatforms) = postSolution
		{60972B95-03BD-4142-BB0C-F8F9B30A9919}.Debug|Any CPU.ActiveCfg = Debug|Any CPU
		{60972B95-03BD-4142-BB0C-F8F9B30A9919}.Debug|Any CPU.Build.0 = Debug|Any CPU
		{60972B95-03BD-4142-BB0C-F8F9B30A9919}.Release|Any CPU.ActiveCfg = Release|Any CPU
		{60972B95-03BD-4142-BB0C-F8F9B30A9919}.Release|Any CPU.Build.0 = Release|Any CPU
	EndGlobalSection
	GlobalSection(SolutionProperties) = preSolution
		HideSolutionNode = FALSE
	EndGlobalSection
	GlobalSection(ExtensibilityGlobals) = postSolution
		SolutionGuid = {EB4E7CC0-A4F2-4123-84FF-B1391918F894}
	EndGlobalSection
EndGlobal
